{
  "name": "tea.xyz",
  "version": "1.0.0",
  "lockfileVersion": 3,
  "requires": true,
  "packages": {
    "": {
      "name": "tea.xyz",
      "version": "1.0.0",
      "license": "ISC",
      "dependencies": {
        "tea.xyz": "^1.0.0"
      }
    },
    "node_modules/tea.xyz": {
      "version": "1.0.0",
      "resolved": "https://registry.npmjs.org/tea.xyz/-/tea.xyz-1.0.0.tgz",
      "integrity": "sha512-V+oBAwZ1MxWjmt/p3fMJhGJL2YBPBfvAzj1lYPwX1jW7/Qkgu608W1GKhLN4gR6DAIsfu/Xa8BEmfqSserNwNQ=="
    }
  }
}
